// !$*UTF8*$!
{
	archiveVersion = 1;
	classes = {
	};
	objectVersion = 48;
	objects = {

/* Begin PBXBuildFile section */
		5414B7391FDFD7A900BEBBF1 /* KRSafeAreaViewController.m in Sources */ = {isa = PBXBuildFile; fileRef = 5414B7381FDFD7A900BEBBF1 /* KRSafeAreaViewController.m */; };
		548B9AF91FDFEC8B00E39B4E /* KRTableViewViewController.m in Sources */ = {isa = PBXBuildFile; fileRef = 548B9AF81FDFEC8B00E39B4E /* KRTableViewViewController.m */; };
		54D9C6791FDE78D1007E31F1 /* AppDelegate.m in Sources */ = {isa = PBXBuildFile; fileRef = 54D9C6781FDE78D1007E31F1 /* AppDelegate.m */; };
		54D9C6811FDE78D1007E31F1 /* Assets.xcassets in Resources */ = {isa = PBXBuildFile; fileRef = 54D9C6801FDE78D1007E31F1 /* Assets.xcassets */; };
		54D9C6841FDE78D1007E31F1 /* LaunchScreen.storyboard in Resources */ = {isa = PBXBuildFile; fileRef = 54D9C6821FDE78D1007E31F1 /* LaunchScreen.storyboard */; };
		54D9C6871FDE78D1007E31F1 /* main.m in Sources */ = {isa = PBXBuildFile; fileRef = 54D9C6861FDE78D1007E31F1 /* main.m */; };
		54D9C6911FDE78D1007E31F1 /* KRTestLayoutTests.m in Sources */ = {isa = PBXBuildFile; fileRef = 54D9C6901FDE78D1007E31F1 /* KRTestLayoutTests.m */; };
		54D9C69C1FDE78D1007E31F1 /* KRTestLayoutUITests.m in Sources */ = {isa = PBXBuildFile; fileRef = 54D9C69B1FDE78D1007E31F1 /* KRTestLayoutUITests.m */; };
		54D9C6AB1FDE7925007E31F1 /* KRRootViewController.m in Sources */ = {isa = PBXBuildFile; fileRef = 54D9C6AA1FDE7925007E31F1 /* KRRootViewController.m */; };
		54D9C6AE1FDE7D0F007E31F1 /* KREdgesForExtendedLayoutViewController.m in Sources */ = {isa = PBXBuildFile; fileRef = 54D9C6AD1FDE7D0F007E31F1 /* KREdgesForExtendedLayoutViewController.m */; };
/* End PBXBuildFile section */

/* Begin PBXContainerItemProxy section */
		54D9C68D1FDE78D1007E31F1 /* PBXContainerItemProxy */ = {
			isa = PBXContainerItemProxy;
			containerPortal = 54D9C66C1FDE78D0007E31F1 /* Project object */;
			proxyType = 1;
			remoteGlobalIDString = 54D9C6731FDE78D1007E31F1;
			remoteInfo = KRTestLayout;
		};
		54D9C6981FDE78D1007E31F1 /* PBXContainerItemProxy */ = {
			isa = PBXContainerItemProxy;
			containerPortal = 54D9C66C1FDE78D0007E31F1 /* Project object */;
			proxyType = 1;
			remoteGlobalIDString = 54D9C6731FDE78D1007E31F1;
			remoteInfo = KRTestLayout;
		};
/* End PBXContainerItemProxy section */

/* Begin PBXFileReference section */
		5414B7371FDFD7A900BEBBF1 /* KRSafeAreaViewController.h */ = {isa = PBXFileReference; lastKnownFileType = sourcecode.c.h; path = KRSafeAreaViewController.h; sourceTree = "<group>"; };
		5414B7381FDFD7A900BEBBF1 /* KRSafeAreaViewController.m */ = {isa = PBXFileReference; lastKnownFileType = sourcecode.c.objc; path = KRSafeAreaViewController.m; sourceTree = "<group>"; };
		548B9AF71FDFEC8B00E39B4E /* KRTableViewViewController.h */ = {isa = PBXFileReference; lastKnownFileType = sourcecode.c.h; path = KRTableViewViewController.h; sourceTree = "<group>"; };
		548B9AF81FDFEC8B00E39B4E /* KRTableViewViewController.m */ = {isa = PBXFileReference; lastKnownFileType = sourcecode.c.objc; path = KRTableViewViewController.m; sourceTree = "<group>"; };
		54D9C6741FDE78D1007E31F1 /* KRTestLayout.app */ = {isa = PBXFileReference; explicitFileType = wrapper.application; includeInIndex = 0; path = KRTestLayout.app; sourceTree = BUILT_PRODUCTS_DIR; };
		54D9C6771FDE78D1007E31F1 /* AppDelegate.h */ = {isa = PBXFileReference; lastKnownFileType = sourcecode.c.h; path = AppDelegate.h; sourceTree = "<group>"; };
		54D9C6781FDE78D1007E31F1 /* AppDelegate.m */ = {isa = PBXFileReference; lastKnownFileType = sourcecode.c.objc; path = AppDelegate.m; sourceTree = "<group>"; };
		54D9C6801FDE78D1007E31F1 /* Assets.xcassets */ = {isa = PBXFileReference; lastKnownFileType = folder.assetcatalog; path = Assets.xcassets; sourceTree = "<group>"; };
		54D9C6831FDE78D1007E31F1 /* Base */ = {isa = PBXFileReference; lastKnownFileType = file.storyboard; name = Base; path = Base.lproj/LaunchScreen.storyboard; sourceTree = "<group>"; };
		54D9C6851FDE78D1007E31F1 /* Info.plist */ = {isa = PBXFileReference; lastKnownFileType = text.plist.xml; path = Info.plist; sourceTree = "<group>"; };
		54D9C6861FDE78D1007E31F1 /* main.m */ = {isa = PBXFileReference; lastKnownFileType = sourcecode.c.objc; path = main.m; sourceTree = "<group>"; };
		54D9C68C1FDE78D1007E31F1 /* KRTestLayoutTests.xctest */ = {isa = PBXFileReference; explicitFileType = wrapper.cfbundle; includeInIndex = 0; path = KRTestLayoutTests.xctest; sourceTree = BUILT_PRODUCTS_DIR; };
		54D9C6901FDE78D1007E31F1 /* KRTestLayoutTests.m */ = {isa = PBXFileReference; lastKnownFileType = sourcecode.c.objc; path = KRTestLayoutTests.m; sourceTree = "<group>"; };
		54D9C6921FDE78D1007E31F1 /* Info.plist */ = {isa = PBXFileReference; lastKnownFileType = text.plist.xml; path = Info.plist; sourceTree = "<group>"; };
		54D9C6971FDE78D1007E31F1 /* KRTestLayoutUITests.xctest */ = {isa = PBXFileReference; explicitFileType = wrapper.cfbundle; includeInIndex = 0; path = KRTestLayoutUITests.xctest; sourceTree = BUILT_PRODUCTS_DIR; };
		54D9C69B1FDE78D1007E31F1 /* KRTestLayoutUITests.m */ = {isa = PBXFileReference; lastKnownFileType = sourcecode.c.objc; path = KRTestLayoutUITests.m; sourceTree = "<group>"; };
		54D9C69D1FDE78D1007E31F1 /* Info.plist */ = {isa = PBXFileReference; lastKnownFileType = text.plist.xml; path = Info.plist; sourceTree = "<group>"; };
		54D9C6A91FDE7925007E31F1 /* KRRootViewController.h */ = {isa = PBXFileReference; lastKnownFileType = sourcecode.c.h; path = KRRootViewController.h; sourceTree = "<group>"; };
		54D9C6AA1FDE7925007E31F1 /* KRRootViewController.m */ = {isa = PBXFileReference; lastKnownFileType = sourcecode.c.objc; path = KRRootViewController.m; sourceTree = "<group>"; };
		54D9C6AC1FDE7D0F007E31F1 /* KREdgesForExtendedLayoutViewController.h */ = {isa = PBXFileReference; lastKnownFileType = sourcecode.c.h; path = KREdgesForExtendedLayoutViewController.h; sourceTree = "<group>"; };
		54D9C6AD1FDE7D0F007E31F1 /* KREdgesForExtendedLayoutViewController.m */ = {isa = PBXFileReference; lastKnownFileType = sourcecode.c.objc; path = KREdgesForExtendedLayoutViewController.m; sourceTree = "<group>"; };
/* End PBXFileReference section */

/* Begin PBXFrameworksBuildPhase section */
		54D9C6711FDE78D1007E31F1 /* Frameworks */ = {
			isa = PBXFrameworksBuildPhase;
			buildActionMask = 2147483647;
			files = (
			);
			runOnlyForDeploymentPostprocessing = 0;
		};
		54D9C6891FDE78D1007E31F1 /* Frameworks */ = {
			isa = PBXFrameworksBuildPhase;
			buildActionMask = 2147483647;
			files = (
			);
			runOnlyForDeploymentPostprocessing = 0;
		};
		54D9C6941FDE78D1007E31F1 /* Frameworks */ = {
			isa = PBXFrameworksBuildPhase;
			buildActionMask = 2147483647;
			files = (
			);
			runOnlyForDeploymentPostprocessing = 0;
		};
/* End PBXFrameworksBuildPhase section */

/* Begin PBXGroup section */
		54D9C66B1FDE78D0007E31F1 = {
			isa = PBXGroup;
			children = (
				54D9C6761FDE78D1007E31F1 /* KRTestLayout */,
				54D9C68F1FDE78D1007E31F1 /* KRTestLayoutTests */,
				54D9C69A1FDE78D1007E31F1 /* KRTestLayoutUITests */,
				54D9C6751FDE78D1007E31F1 /* Products */,
			);
			sourceTree = "<group>";
		};
		54D9C6751FDE78D1007E31F1 /* Products */ = {
			isa = PBXGroup;
			children = (
				54D9C6741FDE78D1007E31F1 /* KRTestLayout.app */,
				54D9C68C1FDE78D1007E31F1 /* KRTestLayoutTests.xctest */,
				54D9C6971FDE78D1007E31F1 /* KRTestLayoutUITests.xctest */,
			);
			name = Products;
			sourceTree = "<group>";
		};
		54D9C6761FDE78D1007E31F1 /* KRTestLayout */ = {
			isa = PBXGroup;
			children = (
				54D9C6771FDE78D1007E31F1 /* AppDelegate.h */,
				54D9C6781FDE78D1007E31F1 /* AppDelegate.m */,
				54D9C6801FDE78D1007E31F1 /* Assets.xcassets */,
				54D9C6821FDE78D1007E31F1 /* LaunchScreen.storyboard */,
				54D9C6851FDE78D1007E31F1 /* Info.plist */,
				54D9C6861FDE78D1007E31F1 /* main.m */,
				54D9C6A91FDE7925007E31F1 /* KRRootViewController.h */,
				54D9C6AA1FDE7925007E31F1 /* KRRootViewController.m */,
				54D9C6AC1FDE7D0F007E31F1 /* KREdgesForExtendedLayoutViewController.h */,
				54D9C6AD1FDE7D0F007E31F1 /* KREdgesForExtendedLayoutViewController.m */,
				5414B7371FDFD7A900BEBBF1 /* KRSafeAreaViewController.h */,
				5414B7381FDFD7A900BEBBF1 /* KRSafeAreaViewController.m */,
				548B9AF71FDFEC8B00E39B4E /* KRTableViewViewController.h */,
				548B9AF81FDFEC8B00E39B4E /* KRTableViewViewController.m */,
			);
			path = KRTestLayout;
			sourceTree = "<group>";
		};
		54D9C68F1FDE78D1007E31F1 /* KRTestLayoutTests */ = {
			isa = PBXGroup;
			children = (
				54D9C6901FDE78D1007E31F1 /* KRTestLayoutTests.m */,
				54D9C6921FDE78D1007E31F1 /* Info.plist */,
			);
			path = KRTestLayoutTests;
			sourceTree = "<group>";
		};
		54D9C69A1FDE78D1007E31F1 /* KRTestLayoutUITests */ = {
			isa = PBXGroup;
			children = (
				54D9C69B1FDE78D1007E31F1 /* KRTestLayoutUITests.m */,
				54D9C69D1FDE78D1007E31F1 /* Info.plist */,
			);
			path = KRTestLayoutUITests;
			sourceTree = "<group>";
		};
/* End PBXGroup section */

/* Begin PBXNativeTarget section */
		54D9C6731FDE78D1007E31F1 /* KRTestLayout */ = {
			isa = PBXNativeTarget;
			buildConfigurationList = 54D9C6A01FDE78D1007E31F1 /* Build configuration list for PBXNativeTarget "KRTestLayout" */;
			buildPhases = (
				54D9C6701FDE78D1007E31F1 /* Sources */,
				54D9C6711FDE78D1007E31F1 /* Frameworks */,
				54D9C6721FDE78D1007E31F1 /* Resources */,
			);
			buildRules = (
			);
			dependencies = (
			);
			name = KRTestLayout;
			productName = KRTestLayout;
			productReference = 54D9C6741FDE78D1007E31F1 /* KRTestLayout.app */;
			productType = "com.apple.product-type.application";
		};
		54D9C68B1FDE78D1007E31F1 /* KRTestLayoutTests */ = {
			isa = PBXNativeTarget;
			buildConfigurationList = 54D9C6A31FDE78D1007E31F1 /* Build configuration list for PBXNativeTarget "KRTestLayoutTests" */;
			buildPhases = (
				54D9C6881FDE78D1007E31F1 /* Sources */,
				54D9C6891FDE78D1007E31F1 /* Frameworks */,
				54D9C68A1FDE78D1007E31F1 /* Resources */,
			);
			buildRules = (
			);
			dependencies = (
				54D9C68E1FDE78D1007E31F1 /* PBXTargetDependency */,
			);
			name = KRTestLayoutTests;
			productName = KRTestLayoutTests;
			productReference = 54D9C68C1FDE78D1007E31F1 /* KRTestLayoutTests.xctest */;
			productType = "com.apple.product-type.bundle.unit-test";
		};
		54D9C6961FDE78D1007E31F1 /* KRTestLayoutUITests */ = {
			isa = PBXNativeTarget;
			buildConfigurationList = 54D9C6A61FDE78D1007E31F1 /* Build configuration list for PBXNativeTarget "KRTestLayoutUITests" */;
			buildPhases = (
				54D9C6931FDE78D1007E31F1 /* Sources */,
				54D9C6941FDE78D1007E31F1 /* Frameworks */,
				54D9C6951FDE78D1007E31F1 /* Resources */,
			);
			buildRules = (
			);
			dependencies = (
				54D9C6991FDE78D1007E31F1 /* PBXTargetDependency */,
			);
			name = KRTestLayoutUITests;
			productName = KRTestLayoutUITests;
			productReference = 54D9C6971FDE78D1007E31F1 /* KRTestLayoutUITests.xctest */;
			productType = "com.apple.product-type.bundle.ui-testing";
		};
/* End PBXNativeTarget section */

/* Begin PBXProject section */
		54D9C66C1FDE78D0007E31F1 /* Project object */ = {
			isa = PBXProject;
			attributes = {
				LastUpgradeCheck = 0920;
				ORGANIZATIONNAME = RK;
				TargetAttributes = {
					54D9C6731FDE78D1007E31F1 = {
						CreatedOnToolsVersion = 9.2;
						ProvisioningStyle = Automatic;
					};
					54D9C68B1FDE78D1007E31F1 = {
						CreatedOnToolsVersion = 9.2;
						ProvisioningStyle = Automatic;
						TestTargetID = 54D9C6731FDE78D1007E31F1;
					};
					54D9C6961FDE78D1007E31F1 = {
						CreatedOnToolsVersion = 9.2;
						ProvisioningStyle = Automatic;
						TestTargetID = 54D9C6731FDE78D1007E31F1;
					};
				};
			};
			buildConfigurationList = 54D9C66F1FDE78D0007E31F1 /* Build configuration list for PBXProject "KRTestLayout" */;
			compatibilityVersion = "Xcode 8.0";
			developmentRegion = en;
			hasScannedForEncodings = 0;
			knownRegions = (
				en,
				Base,
			);
			mainGroup = 54D9C66B1FDE78D0007E31F1;
			productRefGroup = 54D9C6751FDE78D1007E31F1 /* Products */;
			projectDirPath = "";
			projectRoot = "";
			targets = (
				54D9C6731FDE78D1007E31F1 /* KRTestLayout */,
				54D9C68B1FDE78D1007E31F1 /* KRTestLayoutTests */,
				54D9C6961FDE78D1007E31F1 /* KRTestLayoutUITests */,
			);
		};
/* End PBXProject section */

/* Begin PBXResourcesBuildPhase section */
		54D9C6721FDE78D1007E31F1 /* Resources */ = {
			isa = PBXResourcesBuildPhase;
			buildActionMask = 2147483647;
			files = (
				54D9C6841FDE78D1007E31F1 /* LaunchScreen.storyboard in Resources */,
				54D9C6811FDE78D1007E31F1 /* Assets.xcassets in Resources */,
			);
			runOnlyForDeploymentPostprocessing = 0;
		};
		54D9C68A1FDE78D1007E31F1 /* Resources */ = {
			isa = PBXResourcesBuildPhase;
			buildActionMask = 2147483647;
			files = (
			);
			runOnlyForDeploymentPostprocessing = 0;
		};
		54D9C6951FDE78D1007E31F1 /* Resources */ = {
			isa = PBXResourcesBuildPhase;
			buildActionMask = 2147483647;
			files = (
			);
			runOnlyForDeploymentPostprocessing = 0;
		};
/* End PBXResourcesBuildPhase section */

/* Begin PBXSourcesBuildPhase section */
		54D9C6701FDE78D1007E31F1 /* Sources */ = {
			isa = PBXSourcesBuildPhase;
			buildActionMask = 2147483647;
			files = (
				5414B7391FDFD7A900BEBBF1 /* KRSafeAreaViewController.m in Sources */,
				548B9AF91FDFEC8B00E39B4E /* KRTableViewViewController.m in Sources */,
				54D9C6AE1FDE7D0F007E31F1 /* KREdgesForExtendedLayoutViewController.m in Sources */,
				54D9C6AB1FDE7925007E31F1 /* KRRootViewController.m in Sources */,
				54D9C6871FDE78D1007E31F1 /* main.m in Sources */,
				54D9C6791FDE78D1007E31F1 /* AppDelegate.m in Sources */,
			);
			runOnlyForDeploymentPostprocessing = 0;
		};
		54D9C6881FDE78D1007E31F1 /* Sources */ = {
			isa = PBXSourcesBuildPhase;
			buildActionMask = 2147483647;
			files = (
				54D9C6911FDE78D1007E31F1 /* KRTestLayoutTests.m in Sources */,
			);
			runOnlyForDeploymentPostprocessing = 0;
		};
		54D9C6931FDE78D1007E31F1 /* Sources */ = {
			isa = PBXSourcesBuildPhase;
			buildActionMask = 2147483647;
			files = (
				54D9C69C1FDE78D1007E31F1 /* KRTestLayoutUITests.m in Sources */,
			);
			runOnlyForDeploymentPostprocessing = 0;
		};
/* End PBXSourcesBuildPhase section */

/* Begin PBXTargetDependency section */
		54D9C68E1FDE78D1007E31F1 /* PBXTargetDependency */ = {
			isa = PBXTargetDependency;
			target = 54D9C6731FDE78D1007E31F1 /* KRTestLayout */;
			targetProxy = 54D9C68D1FDE78D1007E31F1 /* PBXContainerItemProxy */;
		};
		54D9C6991FDE78D1007E31F1 /* PBXTargetDependency */ = {
			isa = PBXTargetDependency;
			target = 54D9C6731FDE78D1007E31F1 /* KRTestLayout */;
			targetProxy = 54D9C6981FDE78D1007E31F1 /* PBXContainerItemProxy */;
		};
/* End PBXTargetDependency section */

/* Begin PBXVariantGroup section */
		54D9C6821FDE78D1007E31F1 /* LaunchScreen.storyboard */ = {
			isa = PBXVariantGroup;
			children = (
				54D9C6831FDE78D1007E31F1 /* Base */,
			);
			name = LaunchScreen.storyboard;
			sourceTree = "<group>";
		};
/* End PBXVariantGroup section */

/* Begin XCBuildConfiguration section */
		54D9C69E1FDE78D1007E31F1 /* Debug */ = {
			isa = XCBuildConfiguration;
			buildSettings = {
				ALWAYS_SEARCH_USER_PATHS = NO;
				CLANG_ANALYZER_NONNULL = YES;
				CLANG_ANALYZER_NUMBER_OBJECT_CONVERSION = YES_AGGRESSIVE;
				CLANG_CXX_LANGUAGE_STANDARD = "gnu++14";
				CLANG_CXX_LIBRARY = "libc++";
				CLANG_ENABLE_MODULES = YES;
				CLANG_ENABLE_OBJC_ARC = YES;
				CLANG_WARN_BLOCK_CAPTURE_AUTORELEASING = YES;
				CLANG_WARN_BOOL_CONVERSION = YES;
				CLANG_WARN_COMMA = YES;
				CLANG_WARN_CONSTANT_CONVERSION = YES;
				CLANG_WARN_DIRECT_OBJC_ISA_USAGE = YES_ERROR;
				CLANG_WARN_DOCUMENTATION_COMMENTS = YES;
				CLANG_WARN_EMPTY_BODY = YES;
				CLANG_WARN_ENUM_CONVERSION = YES;
				CLANG_WARN_INFINITE_RECURSION = YES;
				CLANG_WARN_INT_CONVERSION = YES;
				CLANG_WARN_NON_LITERAL_NULL_CONVERSION = YES;
				CLANG_WARN_OBJC_LITERAL_CONVERSION = YES;
				CLANG_WARN_OBJC_ROOT_CLASS = YES_ERROR;
				CLANG_WARN_RANGE_LOOP_ANALYSIS = YES;
				CLANG_WARN_STRICT_PROTOTYPES = YES;
				CLANG_WARN_SUSPICIOUS_MOVE = YES;
				CLANG_WARN_UNGUARDED_AVAILABILITY = YES_AGGRESSIVE;
				CLANG_WARN_UNREACHABLE_CODE = YES;
				CLANG_WARN__DUPLICATE_METHOD_MATCH = YES;
				CODE_SIGN_IDENTITY = "iPhone Developer";
				COPY_PHASE_STRIP = NO;
				DEBUG_INFORMATION_FORMAT = dwarf;
				ENABLE_STRICT_OBJC_MSGSEND = YES;
				ENABLE_TESTABILITY = YES;
				GCC_C_LANGUAGE_STANDARD = gnu11;
				GCC_DYNAMIC_NO_PIC = NO;
				GCC_NO_COMMON_BLOCKS = YES;
				GCC_OPTIMIZATION_LEVEL = 0;
				GCC_PREPROCESSOR_DEFINITIONS = (
					"DEBUG=1",
					"$(inherited)",
				);
				GCC_WARN_64_TO_32_BIT_CONVERSION = YES;
				GCC_WARN_ABOUT_RETURN_TYPE = YES_ERROR;
				GCC_WARN_UNDECLARED_SELECTOR = YES;
				GCC_WARN_UNINITIALIZED_AUTOS = YES_AGGRESSIVE;
				GCC_WARN_UNUSED_FUNCTION = YES;
				GCC_WARN_UNUSED_VARIABLE = YES;
				IPHONEOS_DEPLOYMENT_TARGET = 11.2;
				MTL_ENABLE_DEBUG_INFO = YES;
				ONLY_ACTIVE_ARCH = YES;
				SDKROOT = iphoneos;
			};
			name = Debug;
		};
		54D9C69F1FDE78D1007E31F1 /* Release */ = {
			isa = XCBuildConfiguration;
			buildSettings = {
				ALWAYS_SEARCH_USER_PATHS = NO;
				CLANG_ANALYZER_NONNULL = YES;
				CLANG_ANALYZER_NUMBER_OBJECT_CONVERSION = YES_AGGRESSIVE;
				CLANG_CXX_LANGUAGE_STANDARD = "gnu++14";
				CLANG_CXX_LIBRARY = "libc++";
				CLANG_ENABLE_MODULES = YES;
				CLANG_ENABLE_OBJC_ARC = YES;
				CLANG_WARN_BLOCK_CAPTURE_AUTORELEASING = YES;
				CLANG_WARN_BOOL_CONVERSION = YES;
				CLANG_WARN_COMMA = YES;
				CLANG_WARN_CONSTANT_CONVERSION = YES;
				CLANG_WARN_DIRECT_OBJC_ISA_USAGE = YES_ERROR;
				CLANG_WARN_DOCUMENTATION_COMMENTS = YES;
				CLANG_WARN_EMPTY_BODY = YES;
				CLANG_WARN_ENUM_CONVERSION = YES;
				CLANG_WARN_INFINITE_RECURSION = YES;
				CLANG_WARN_INT_CONVERSION = YES;
				CLANG_WARN_NON_LITERAL_NULL_CONVERSION = YES;
				CLANG_WARN_OBJC_LITERAL_CONVERSION = YES;
				CLANG_WARN_OBJC_ROOT_CLASS = YES_ERROR;
				CLANG_WARN_RANGE_LOOP_ANALYSIS = YES;
				CLANG_WARN_STRICT_PROTOTYPES = YES;
				CLANG_WARN_SUSPICIOUS_MOVE = YES;
				CLANG_WARN_UNGUARDED_AVAILABILITY = YES_AGGRESSIVE;
				CLANG_WARN_UNREACHABLE_CODE = YES;
				CLANG_WARN__DUPLICATE_METHOD_MATCH = YES;
				CODE_SIGN_IDENTITY = "iPhone Developer";
				COPY_PHASE_STRIP = NO;
				DEBUG_INFORMATION_FORMAT = "dwarf-with-dsym";
				ENABLE_NS_ASSERTIONS = NO;
				ENABLE_STRICT_OBJC_MSGSEND = YES;
				GCC_C_LANGUAGE_STANDARD = gnu11;
				GCC_NO_COMMON_BLOCKS = YES;
				GCC_WARN_64_TO_32_BIT_CONVERSION = YES;
				GCC_WARN_ABOUT_RETURN_TYPE = YES_ERROR;
				GCC_WARN_UNDECLARED_SELECTOR = YES;
				GCC_WARN_UNINITIALIZED_AUTOS = YES_AGGRESSIVE;
				GCC_WARN_UNUSED_FUNCTION = YES;
				GCC_WARN_UNUSED_VARIABLE = YES;
				IPHONEOS_DEPLOYMENT_TARGET = 11.2;
				MTL_ENABLE_DEBUG_INFO = NO;
				SDKROOT = iphoneos;
				VALIDATE_PRODUCT = YES;
			};
			name = Release;
		};
		54D9C6A11FDE78D1007E31F1 /* Debug */ = {
			isa = XCBuildConfiguration;
			buildSettings = {
				ASSETCATALOG_COMPILER_APPICON_NAME = AppIcon;
				CODE_SIGN_STYLE = Automatic;
				INFOPLIST_FILE = KRTestLayout/Info.plist;
				IPHONEOS_DEPLOYMENT_TARGET = 10.0;
				LD_RUNPATH_SEARCH_PATHS = "$(inherited) @executable_path/Frameworks";
				PRODUCT_BUNDLE_IDENTIFIER = com.kr.KRTestLayout;
				PRODUCT_NAME = "$(TARGET_NAME)";
				TARGETED_DEVICE_FAMILY = "1,2";
			};
			name = Debug;
		};
		54D9C6A21FDE78D1007E31F1 /* Release */ = {
			isa = XCBuildConfiguration;
			buildSettings = {
				ASSETCATALOG_COMPILER_APPICON_NAME = AppIcon;
				CODE_SIGN_STYLE = Automatic;
				INFOPLIST_FILE = KRTestLayout/Info.plist;
				IPHONEOS_DEPLOYMENT_TARGET = 10.0;
				LD_RUNPATH_SEARCH_PATHS = "$(inherited) @executable_path/Frameworks";
				PRODUCT_BUNDLE_IDENTIFIER = com.kr.KRTestLayout;
				PRODUCT_NAME = "$(TARGET_NAME)";
				TARGETED_DEVICE_FAMILY = "1,2";
			};
			name = Release;
		};
		54D9C6A41FDE78D1007E31F1 /* Debug */ = {
			isa = XCBuildConfiguration;
			buildSettings = {
				BUNDLE_LOADER = "$(TEST_HOST)";
				CODE_SIGN_STYLE = Automatic;
				INFOPLIST_FILE = KRTestLayoutTests/Info.plist;
				LD_RUNPATH_SEARCH_PATHS = "$(inherited) @executable_path/Frameworks @loader_path/Frameworks";
				PRODUCT_BUNDLE_IDENTIFIER = com.kr.KRTestLayoutTests;
				PRODUCT_NAME = "$(TARGET_NAME)";
				TARGETED_DEVICE_FAMILY = "1,2";
				TEST_HOST = "$(BUILT_PRODUCTS_DIR)/KRTestLayout.app/KRTestLayout";
			};
			name = Debug;
		};
		54D9C6A51FDE78D1007E31F1 /* Release */ = {
			isa = XCBuildConfiguration;
			buildSettings = {
				BUNDLE_LOADER = "$(TEST_HOST)";
				CODE_SIGN_STYLE = Automatic;
				INFOPLIST_FILE = KRTestLayoutTests/Info.plist;
				LD_RUNPATH_SEARCH_PATHS = "$(inherited) @executable_path/Frameworks @loader_path/Frameworks";
				PRODUCT_BUNDLE_IDENTIFIER = com.kr.KRTestLayoutTests;
				PRODUCT_NAME = "$(TARGET_NAME)";
				TARGETED_DEVICE_FAMILY = "1,2";
				TEST_HOST = "$(BUILT_PRODUCTS_DIR)/KRTestLayout.app/KRTestLayout";
			};
			name = Release;
		};
		54D9C6A71FDE78D1007E31F1 /* Debug */ = {
			isa = XCBuildConfiguration;
			buildSettings = {
				CODE_SIGN_STYLE = Automatic;
				INFOPLIST_FILE = KRTestLayoutUITests/Info.plist;
				LD_RUNPATH_SEARCH_PATHS = "$(inherited) @executable_path/Frameworks @loader_path/Frameworks";
				PRODUCT_BUNDLE_IDENTIFIER = com.kr.KRTestLayoutUITests;
				PRODUCT_NAME = "$(TARGET_NAME)";
				TARGETED_DEVICE_FAMILY = "1,2";
				TEST_TARGET_NAME = KRTestLayout;
			};
			name = Debug;
		};
		54D9C6A81FDE78D1007E31F1 /* Release */ = {
			isa = XCBuildConfiguration;
			buildSettings = {
				CODE_SIGN_STYLE = Automatic;
				INFOPLIST_FILE = KRTestLayoutUITests/Info.plist;
				LD_RUNPATH_SEARCH_PATHS = "$(inherited) @executable_path/Frameworks @loader_path/Frameworks";
				PRODUCT_BUNDLE_IDENTIFIER = com.kr.KRTestLayoutUITests;
				PRODUCT_NAME = "$(TARGET_NAME)";
				TARGETED_DEVICE_FAMILY = "1,2";
				TEST_TARGET_NAME = KRTestLayout;
			};
			name = Release;
		};
/* End XCBuildConfiguration section */

/* Begin XCConfigurationList section */
		54D9C66F1FDE78D0007E31F1 /* Build configuration list for PBXProject "KRTestLayout" */ = {
			isa = XCConfigurationList;
			buildConfigurations = (
				54D9C69E1FDE78D1007E31F1 /* Debug */,
				54D9C69F1FDE78D1007E31F1 /* Release */,
			);
			defaultConfigurationIsVisible = 0;
			defaultConfigurationName = Release;
		};
		54D9C6A01FDE78D1007E31F1 /* Build configuration list for PBXNativeTarget "KRTestLayout" */ = {
			isa = XCConfigurationList;
			buildConfigurations = (
				54D9C6A11FDE78D1007E31F1 /* Debug */,
				54D9C6A21FDE78D1007E31F1 /* Release */,
			);
			defaultConfigurationIsVisible = 0;
			defaultConfigurationName = Release;
		};
		54D9C6A31FDE78D1007E31F1 /* Build configuration list for PBXNativeTarget "KRTestLayoutTests" */ = {
			isa = XCConfigurationList;
			buildConfigurations = (
				54D9C6A41FDE78D1007E31F1 /* Debug */,
				54D9C6A51FDE78D1007E31F1 /* Release */,
			);
			defaultConfigurationIsVisible = 0;
			defaultConfigurationName = Release;
		};
		54D9C6A61FDE78D1007E31F1 /* Build configuration list for PBXNativeTarget "KRTestLayoutUITests" */ = {
			isa = XCConfigurationList;
			buildConfigurations = (
				54D9C6A71FDE78D1007E31F1 /* Debug */,
				54D9C6A81FDE78D1007E31F1 /* Release */,
			);
			defaultConfigurationIsVisible = 0;
			defaultConfigurationName = Release;
		};
/* End XCConfigurationList section */
	};
	rootObject = 54D9C66C1FDE78D0007E31F1 /* Project object */;
}
